
Microsoft Visual Studio Solution File, Format Version 12.00
# Visual Studio Version 17
VisualStudioVersion = 17.9.34714.143
MinimumVisualStudioVersion = 10.0.40219.1
Project("{8BC9CEB8-8B4A-11D0-8D11-00A0C91BC942}") = "cpp_basic", "cpp_basic\cpp_basic.vcxproj", "{5CF81F7A-C84A-4E0E-8827-3219BA9BF7B4}"
EndProject
Project("{8BC9CEB8-8B4A-11D0-8D11-00A0C91BC942}") = "cpp_basic1", "cpp_basic1\cpp_basic1.vcxproj", "{FAD5976F-0FDE-48DC-BDB0-AD126B957E8B}"
EndProject
Project("{8BC9CEB8-8B4A-11D0-8D11-00A0C91BC942}") = "cpp_basic2", "cpp_basic2\cpp_basic2.vcxproj", "{966D1502-5BF8-4258-B1A5-3CFED8CAD622}"
EndProject
Project("{8BC9CEB8-8B4A-11D0-8D11-00A0C91BC942}") = "cpp_basic3", "cpp_basic3\cpp_basic3.vcxproj", "{133B279B-ABA7-491E-A170-4B7F3A1C6AB5}"
EndProject
Project("{8BC9CEB8-8B4A-11D0-8D11-00A0C91BC942}") = "cpp_basic4", "cpp_basic4\cpp_basic4.vcxproj", "{B3C79C5C-499F-47B2-A68A-8DF7A89517E9}"
EndProject
Project("{8BC9CEB8-8B4A-11D0-8D11-00A0C91BC942}") = "cpp_basic5", "cpp_basic5\cpp_basic5.vcxproj", "{DAD26FD7-E45F-48C5-B151-65A8AF47AD6E}"
EndProject
Project("{8BC9CEB8-8B4A-11D0-8D11-00A0C91BC942}") = "cpp_basic6", "cpp_basic6\cpp_basic6.vcxproj", "{44C1B1C9-92A6-4CC6-9288-85BF14BECFD0}"
EndProject
Project("{8BC9CEB8-8B4A-11D0-8D11-00A0C91BC942}") = "cpp_basic7", "cpp_basic7\cpp_basic7.vcxproj", "{AFBEFF1E-AE3F-473D-853B-A976DDAFF774}"
EndProject
Project("{8BC9CEB8-8B4A-11D0-8D11-00A0C91BC942}") = "cpp_basic8", "cpp_basic8\cpp_basic8.vcxproj", "{00FA36E4-9110-4045-9A88-5452E435DDE7}"
EndProject
Project("{8BC9CEB8-8B4A-11D0-8D11-00A0C91BC942}") = "cpp_basic9", "cpp_basic9\cpp_basic9.vcxproj", "{4C6CBB34-8CA7-478C-87A0-302B609175E9}"
EndProject
Project("{8BC9CEB8-8B4A-11D0-8D11-00A0C91BC942}") = "cpp_basic10", "cpp_basic10\cpp_basic10.vcxproj", "{8563E5E5-E092-4E78-94FE-69338BF10D3A}"
EndProject
Global
	GlobalSection(SolutionConfigurationPlatforms) = preSolution
		Debug|x64 = Debug|x64
		Debug|x86 = Debug|x86
		Release|x64 = Release|x64
		Release|x86 = Release|x86
	EndGlobalSection
	GlobalSection(ProjectConfigurationPlatforms) = postSolution
		{5CF81F7A-C84A-4E0E-8827-3219BA9BF7B4}.Debug|x64.ActiveCfg = Debug|x64
		{5CF81F7A-C84A-4E0E-8827-3219BA9BF7B4}.Debug|x64.Build.0 = Debug|x64
		{5CF81F7A-C84A-4E0E-8827-3219BA9BF7B4}.Debug|x86.ActiveCfg = Debug|Win32
		{5CF81F7A-C84A-4E0E-8827-3219BA9BF7B4}.Debug|x86.Build.0 = Debug|Win32
		{5CF81F7A-C84A-4E0E-8827-3219BA9BF7B4}.Release|x64.ActiveCfg = Release|x64
		{5CF81F7A-C84A-4E0E-8827-3219BA9BF7B4}.Release|x64.Build.0 = Release|x64
		{5CF81F7A-C84A-4E0E-8827-3219BA9BF7B4}.Release|x86.ActiveCfg = Release|Win32
		{5CF81F7A-C84A-4E0E-8827-3219BA9BF7B4}.Release|x86.Build.0 = Release|Win32
		{FAD5976F-0FDE-48DC-BDB0-AD126B957E8B}.Debug|x64.ActiveCfg = Debug|x64
		{FAD5976F-0FDE-48DC-BDB0-AD126B957E8B}.Debug|x64.Build.0 = Debug|x64
		{FAD5976F-0FDE-48DC-BDB0-AD126B957E8B}.Debug|x86.ActiveCfg = Debug|Win32
		{FAD5976F-0FDE-48DC-BDB0-AD126B957E8B}.Debug|x86.Build.0 = Debug|Win32
		{FAD5976F-0FDE-48DC-BDB0-AD126B957E8B}.Release|x64.ActiveCfg = Release|x64
		{FAD5976F-0FDE-48DC-BDB0-AD126B957E8B}.Release|x64.Build.0 = Release|x64
		{FAD5976F-0FDE-48DC-BDB0-AD126B957E8B}.Release|x86.ActiveCfg = Release|Win32
		{FAD5976F-0FDE-48DC-BDB0-AD126B957E8B}.Release|x86.Build.0 = Release|Win32
		{966D1502-5BF8-4258-B1A5-3CFED8CAD622}.Debug|x64.ActiveCfg = Debug|x64
		{966D1502-5BF8-4258-B1A5-3CFED8CAD622}.Debug|x64.Build.0 = Debug|x64
		{966D1502-5BF8-4258-B1A5-3CFED8CAD622}.Debug|x86.ActiveCfg = Debug|Win32
		{966D1502-5BF8-4258-B1A5-3CFED8CAD622}.Debug|x86.Build.0 = Debug|Win32
		{966D1502-5BF8-4258-B1A5-3CFED8CAD622}.Release|x64.ActiveCfg = Release|x64
		{966D1502-5BF8-4258-B1A5-3CFED8CAD622}.Release|x64.Build.0 = Release|x64
		{966D1502-5BF8-4258-B1A5-3CFED8CAD622}.Release|x86.ActiveCfg = Release|Win32
		{966D1502-5BF8-4258-B1A5-3CFED8CAD622}.Release|x86.Build.0 = Release|Win32
		{133B279B-ABA7-491E-A170-4B7F3A1C6AB5}.Debug|x64.ActiveCfg = Debug|x64
		{133B279B-ABA7-491E-A170-4B7F3A1C6AB5}.Debug|x64.Build.0 = Debug|x64
		{133B279B-ABA7-491E-A170-4B7F3A1C6AB5}.Debug|x86.ActiveCfg = Debug|Win32
		{133B279B-ABA7-491E-A170-4B7F3A1C6AB5}.Debug|x86.Build.0 = Debug|Win32
		{133B279B-ABA7-491E-A170-4B7F3A1C6AB5}.Release|x64.ActiveCfg = Release|x64
		{133B279B-ABA7-491E-A170-4B7F3A1C6AB5}.Release|x64.Build.0 = Release|x64
		{133B279B-ABA7-491E-A170-4B7F3A1C6AB5}.Release|x86.ActiveCfg = Release|Win32
		{133B279B-ABA7-491E-A170-4B7F3A1C6AB5}.Release|x86.Build.0 = Release|Win32
		{B3C79C5C-499F-47B2-A68A-8DF7A89517E9}.Debug|x64.ActiveCfg = Debug|x64
		{B3C79C5C-499F-47B2-A68A-8DF7A89517E9}.Debug|x64.Build.0 = Debug|x64
		{B3C79C5C-499F-47B2-A68A-8DF7A89517E9}.Debug|x86.ActiveCfg = Debug|Win32
		{B3C79C5C-499F-47B2-A68A-8DF7A89517E9}.Debug|x86.Build.0 = Debug|Win32
		{B3C79C5C-499F-47B2-A68A-8DF7A89517E9}.Release|x64.ActiveCfg = Release|x64
		{B3C79C5C-499F-47B2-A68A-8DF7A89517E9}.Release|x64.Build.0 = Release|x64
		{B3C79C5C-499F-47B2-A68A-8DF7A89517E9}.Release|x86.ActiveCfg = Release|Win32
		{B3C79C5C-499F-47B2-A68A-8DF7A89517E9}.Release|x86.Build.0 = Release|Win32
		{DAD26FD7-E45F-48C5-B151-65A8AF47AD6E}.Debug|x64.ActiveCfg = Debug|x64
		{DAD26FD7-E45F-48C5-B151-65A8AF47AD6E}.Debug|x64.Build.0 = Debug|x64
		{DAD26FD7-E45F-48C5-B151-65A8AF47AD6E}.Debug|x86.ActiveCfg = Debug|Win32
		{DAD26FD7-E45F-48C5-B151-65A8AF47AD6E}.Debug|x86.Build.0 = Debug|Win32
		{DAD26FD7-E45F-48C5-B151-65A8AF47AD6E}.Release|x64.ActiveCfg = Release|x64
		{DAD26FD7-E45F-48C5-B151-65A8AF47AD6E}.Release|x64.Build.0 = Release|x64
		{DAD26FD7-E45F-48C5-B151-65A8AF47AD6E}.Release|x86.ActiveCfg = Release|Win32
		{DAD26FD7-E45F-48C5-B151-65A8AF47AD6E}.Release|x86.Build.0 = Release|Win32
		{44C1B1C9-92A6-4CC6-9288-85BF14BECFD0}.Debug|x64.ActiveCfg = Debug|x64
		{44C1B1C9-92A6-4CC6-9288-85BF14BECFD0}.Debug|x64.Build.0 = Debug|x64
		{44C1B1C9-92A6-4CC6-9288-85BF14BECFD0}.Debug|x86.ActiveCfg = Debug|Win32
		{44C1B1C9-92A6-4CC6-9288-85BF14BECFD0}.Debug|x86.Build.0 = Debug|Win32
		{44C1B1C9-92A6-4CC6-9288-85BF14BECFD0}.Release|x64.ActiveCfg = Release|x64
		{44C1B1C9-92A6-4CC6-9288-85BF14BECFD0}.Release|x64.Build.0 = Release|x64
		{44C1B1C9-92A6-4CC6-9288-85BF14BECFD0}.Release|x86.ActiveCfg = Release|Win32
		{44C1B1C9-92A6-4CC6-9288-85BF14BECFD0}.Release|x86.Build.0 = Release|Win32
		{AFBEFF1E-AE3F-473D-853B-A976DDAFF774}.Debug|x64.ActiveCfg = Debug|x64
		{AFBEFF1E-AE3F-473D-853B-A976DDAFF774}.Debug|x64.Build.0 = Debug|x64
		{AFBEFF1E-AE3F-473D-853B-A976DDAFF774}.Debug|x86.ActiveCfg = Debug|Win32
		{AFBEFF1E-AE3F-473D-853B-A976DDAFF774}.Debug|x86.Build.0 = Debug|Win32
		{AFBEFF1E-AE3F-473D-853B-A976DDAFF774}.Release|x64.ActiveCfg = Release|x64
		{AFBEFF1E-AE3F-473D-853B-A976DDAFF774}.Release|x64.Build.0 = Release|x64
		{AFBEFF1E-AE3F-473D-853B-A976DDAFF774}.Release|x86.ActiveCfg = Release|Win32
		{AFBEFF1E-AE3F-473D-853B-A976DDAFF774}.Release|x86.Build.0 = Release|Win32
		{00FA36E4-9110-4045-9A88-5452E435DDE7}.Debug|x64.ActiveCfg = Debug|x64
		{00FA36E4-9110-4045-9A88-5452E435DDE7}.Debug|x64.Build.0 = Debug|x64
		{00FA36E4-9110-4045-9A88-5452E435DDE7}.Debug|x86.ActiveCfg = Debug|Win32
		{00FA36E4-9110-4045-9A88-5452E435DDE7}.Debug|x86.Build.0 = Debug|Win32
		{00FA36E4-9110-4045-9A88-5452E435DDE7}.Release|x64.ActiveCfg = Release|x64
		{00FA36E4-9110-4045-9A88-5452E435DDE7}.Release|x64.Build.0 = Release|x64
		{00FA36E4-9110-4045-9A88-5452E435DDE7}.Release|x86.ActiveCfg = Release|Win32
		{00FA36E4-9110-4045-9A88-5452E435DDE7}.Release|x86.Build.0 = Release|Win32
		{4C6CBB34-8CA7-478C-87A0-302B609175E9}.Debug|x64.ActiveCfg = Debug|x64
		{4C6CBB34-8CA7-478C-87A0-302B609175E9}.Debug|x64.Build.0 = Debug|x64
		{4C6CBB34-8CA7-478C-87A0-302B609175E9}.Debug|x86.ActiveCfg = Debug|Win32
		{4C6CBB34-8CA7-478C-87A0-302B609175E9}.Debug|x86.Build.0 = Debug|Win32
		{4C6CBB34-8CA7-478C-87A0-302B609175E9}.Release|x64.ActiveCfg = Release|x64
		{4C6CBB34-8CA7-478C-87A0-302B609175E9}.Release|x64.Build.0 = Release|x64
		{4C6CBB34-8CA7-478C-87A0-302B609175E9}.Release|x86.ActiveCfg = Release|Win32
		{4C6CBB34-8CA7-478C-87A0-302B609175E9}.Release|x86.Build.0 = Release|Win32
		{8563E5E5-E092-4E78-94FE-69338BF10D3A}.Debug|x64.ActiveCfg = Debug|x64
		{8563E5E5-E092-4E78-94FE-69338BF10D3A}.Debug|x64.Build.0 = Debug|x64
		{8563E5E5-E092-4E78-94FE-69338BF10D3A}.Debug|x86.ActiveCfg = Debug|Win32
		{8563E5E5-E092-4E78-94FE-69338BF10D3A}.Debug|x86.Build.0 = Debug|Win32
		{8563E5E5-E092-4E78-94FE-69338BF10D3A}.Release|x64.ActiveCfg = Release|x64
		{8563E5E5-E092-4E78-94FE-69338BF10D3A}.Release|x64.Build.0 = Release|x64
		{8563E5E5-E092-4E78-94FE-69338BF10D3A}.Release|x86.ActiveCfg = Release|Win32
		{8563E5E5-E092-4E78-94FE-69338BF10D3A}.Release|x86.Build.0 = Release|Win32
	EndGlobalSection
	GlobalSection(SolutionProperties) = preSolution
		HideSolutionNode = FALSE
	EndGlobalSection
	GlobalSection(ExtensibilityGlobals) = postSolution
		SolutionGuid = {1259F077-8FBF-4E63-AC9E-FB4B89BBF93E}
	EndGlobalSection
EndGlobal
